<?xml version="1.0" encoding="utf-8"?>
<Project ToolsVersion="4.0" xmlns="http://schemas.microsoft.com/developer/msbuild/2003">
  <ItemGroup>
    <ClCompile Include="main.cpp" />
    <ClCompile Include="Core.cpp" />
    <ClCompile Include="OBJImporter.cpp" />
    <ClCompile Include="BVHAccelerators.cpp" />
    <ClCompile Include="BVHData.pb.cc" />
  </ItemGroup>
  <ItemGroup>
    <ClInclude Include="Core.h" />
    <ClInclude Include="BVHData.pb.h" />
  </ItemGroup>
  <ItemGroup>
    <None Include="BVHData.proto" />
  </ItemGroup>
</Project>